
Microsoft Visual Studio Solution File, Format Version 12.00
# Visual Studio 15
VisualStudioVersion = 15.0.27004.2010
MinimumVisualStudioVersion = 10.0.40219.1
Project("{8BC9CEB8-8B4A-11D0-8D11-00A0C91BC942}") = "1_KernelProgram", "KernelProgram\KernelProgram.vcxproj", "{58DF947F-D991-474A-9BBB-4197BA864627}"
EndProject
Project("{8BC9CEB8-8B4A-11D0-8D11-00A0C91BC942}") = "2_CreateDevice", "CreateDevice\CreateDevice.vcxproj", "{F17336FD-4055-4A2E-85F1-481930BCD06F}"
EndProject
Project("{8BC9CEB8-8B4A-11D0-8D11-00A0C91BC942}") = "3_Symbol", "Symbol\Symbol.vcxproj", "{F1B15189-3BA6-4C60-8D99-B88BF0382E67}"
EndProject
Project("{8BC9CEB8-8B4A-11D0-8D11-00A0C91BC942}") = "4_handleIRP", "4_handleIRP\4_handleIRP.vcxproj", "{7045D088-693B-4823-99C2-7E7654684770}"
EndProject
Project("{8BC9CEB8-8B4A-11D0-8D11-00A0C91BC942}") = "R3AppForMyDriver", "R3AppForMyDriver\R3AppForMyDriver.vcxproj", "{0880F154-6198-409D-AF80-6481B0665362}"
EndProject
Global
	GlobalSection(SolutionConfigurationPlatforms) = preSolution
		Debug|ARM = Debug|ARM
		Debug|ARM64 = Debug|ARM64
		Debug|x64 = Debug|x64
		Debug|x86 = Debug|x86
		Release|ARM = Release|ARM
		Release|ARM64 = Release|ARM64
		Release|x64 = Release|x64
		Release|x86 = Release|x86
	EndGlobalSection
	GlobalSection(ProjectConfigurationPlatforms) = postSolution
		{58DF947F-D991-474A-9BBB-4197BA864627}.Debug|ARM.ActiveCfg = Debug|ARM
		{58DF947F-D991-474A-9BBB-4197BA864627}.Debug|ARM.Build.0 = Debug|ARM
		{58DF947F-D991-474A-9BBB-4197BA864627}.Debug|ARM.Deploy.0 = Debug|ARM
		{58DF947F-D991-474A-9BBB-4197BA864627}.Debug|ARM64.ActiveCfg = Debug|ARM64
		{58DF947F-D991-474A-9BBB-4197BA864627}.Debug|ARM64.Build.0 = Debug|ARM64
		{58DF947F-D991-474A-9BBB-4197BA864627}.Debug|ARM64.Deploy.0 = Debug|ARM64
		{58DF947F-D991-474A-9BBB-4197BA864627}.Debug|x64.ActiveCfg = Debug|x64
		{58DF947F-D991-474A-9BBB-4197BA864627}.Debug|x64.Build.0 = Debug|x64
		{58DF947F-D991-474A-9BBB-4197BA864627}.Debug|x64.Deploy.0 = Debug|x64
		{58DF947F-D991-474A-9BBB-4197BA864627}.Debug|x86.ActiveCfg = Debug|Win32
		{58DF947F-D991-474A-9BBB-4197BA864627}.Debug|x86.Build.0 = Debug|Win32
		{58DF947F-D991-474A-9BBB-4197BA864627}.Debug|x86.Deploy.0 = Debug|Win32
		{58DF947F-D991-474A-9BBB-4197BA864627}.Release|ARM.ActiveCfg = Release|ARM
		{58DF947F-D991-474A-9BBB-4197BA864627}.Release|ARM.Build.0 = Release|ARM
		{58DF947F-D991-474A-9BBB-4197BA864627}.Release|ARM.Deploy.0 = Release|ARM
		{58DF947F-D991-474A-9BBB-4197BA864627}.Release|ARM64.ActiveCfg = Release|ARM64
		{58DF947F-D991-474A-9BBB-4197BA864627}.Release|ARM64.Build.0 = Release|ARM64
		{58DF947F-D991-474A-9BBB-4197BA864627}.Release|ARM64.Deploy.0 = Release|ARM64
		{58DF947F-D991-474A-9BBB-4197BA864627}.Release|x64.ActiveCfg = Release|x64
		{58DF947F-D991-474A-9BBB-4197BA864627}.Release|x64.Build.0 = Release|x64
		{58DF947F-D991-474A-9BBB-4197BA864627}.Release|x64.Deploy.0 = Release|x64
		{58DF947F-D991-474A-9BBB-4197BA864627}.Release|x86.ActiveCfg = Release|Win32
		{58DF947F-D991-474A-9BBB-4197BA864627}.Release|x86.Build.0 = Release|Win32
		{58DF947F-D991-474A-9BBB-4197BA864627}.Release|x86.Deploy.0 = Release|Win32
		{F17336FD-4055-4A2E-85F1-481930BCD06F}.Debug|ARM.ActiveCfg = Debug|ARM
		{F17336FD-4055-4A2E-85F1-481930BCD06F}.Debug|ARM.Build.0 = Debug|ARM
		{F17336FD-4055-4A2E-85F1-481930BCD06F}.Debug|ARM.Deploy.0 = Debug|ARM
		{F17336FD-4055-4A2E-85F1-481930BCD06F}.Debug|ARM64.ActiveCfg = Debug|ARM64
		{F17336FD-4055-4A2E-85F1-481930BCD06F}.Debug|ARM64.Build.0 = Debug|ARM64
		{F17336FD-4055-4A2E-85F1-481930BCD06F}.Debug|ARM64.Deploy.0 = Debug|ARM64
		{F17336FD-4055-4A2E-85F1-481930BCD06F}.Debug|x64.ActiveCfg = Debug|x64
		{F17336FD-4055-4A2E-85F1-481930BCD06F}.Debug|x64.Build.0 = Debug|x64
		{F17336FD-4055-4A2E-85F1-481930BCD06F}.Debug|x64.Deploy.0 = Debug|x64
		{F17336FD-4055-4A2E-85F1-481930BCD06F}.Debug|x86.ActiveCfg = Debug|Win32
		{F17336FD-4055-4A2E-85F1-481930BCD06F}.Debug|x86.Build.0 = Debug|Win32
		{F17336FD-4055-4A2E-85F1-481930BCD06F}.Debug|x86.Deploy.0 = Debug|Win32
		{F17336FD-4055-4A2E-85F1-481930BCD06F}.Release|ARM.ActiveCfg = Release|ARM
		{F17336FD-4055-4A2E-85F1-481930BCD06F}.Release|ARM.Build.0 = Release|ARM
		{F17336FD-4055-4A2E-85F1-481930BCD06F}.Release|ARM.Deploy.0 = Release|ARM
		{F17336FD-4055-4A2E-85F1-481930BCD06F}.Release|ARM64.ActiveCfg = Release|ARM64
		{F17336FD-4055-4A2E-85F1-481930BCD06F}.Release|ARM64.Build.0 = Release|ARM64
		{F17336FD-4055-4A2E-85F1-481930BCD06F}.Release|ARM64.Deploy.0 = Release|ARM64
		{F17336FD-4055-4A2E-85F1-481930BCD06F}.Release|x64.ActiveCfg = Release|x64
		{F17336FD-4055-4A2E-85F1-481930BCD06F}.Release|x64.Build.0 = Release|x64
		{F17336FD-4055-4A2E-85F1-481930BCD06F}.Release|x64.Deploy.0 = Release|x64
		{F17336FD-4055-4A2E-85F1-481930BCD06F}.Release|x86.ActiveCfg = Release|Win32
		{F17336FD-4055-4A2E-85F1-481930BCD06F}.Release|x86.Build.0 = Release|Win32
		{F17336FD-4055-4A2E-85F1-481930BCD06F}.Release|x86.Deploy.0 = Release|Win32
		{F1B15189-3BA6-4C60-8D99-B88BF0382E67}.Debug|ARM.ActiveCfg = Debug|ARM
		{F1B15189-3BA6-4C60-8D99-B88BF0382E67}.Debug|ARM.Build.0 = Debug|ARM
		{F1B15189-3BA6-4C60-8D99-B88BF0382E67}.Debug|ARM.Deploy.0 = Debug|ARM
		{F1B15189-3BA6-4C60-8D99-B88BF0382E67}.Debug|ARM64.ActiveCfg = Debug|ARM64
		{F1B15189-3BA6-4C60-8D99-B88BF0382E67}.Debug|ARM64.Build.0 = Debug|ARM64
		{F1B15189-3BA6-4C60-8D99-B88BF0382E67}.Debug|ARM64.Deploy.0 = Debug|ARM64
		{F1B15189-3BA6-4C60-8D99-B88BF0382E67}.Debug|x64.ActiveCfg = Debug|x64
		{F1B15189-3BA6-4C60-8D99-B88BF0382E67}.Debug|x64.Build.0 = Debug|x64
		{F1B15189-3BA6-4C60-8D99-B88BF0382E67}.Debug|x64.Deploy.0 = Debug|x64
		{F1B15189-3BA6-4C60-8D99-B88BF0382E67}.Debug|x86.ActiveCfg = Debug|Win32
		{F1B15189-3BA6-4C60-8D99-B88BF0382E67}.Debug|x86.Build.0 = Debug|Win32
		{F1B15189-3BA6-4C60-8D99-B88BF0382E67}.Debug|x86.Deploy.0 = Debug|Win32
		{F1B15189-3BA6-4C60-8D99-B88BF0382E67}.Release|ARM.ActiveCfg = Release|ARM
		{F1B15189-3BA6-4C60-8D99-B88BF0382E67}.Release|ARM.Build.0 = Release|ARM
		{F1B15189-3BA6-4C60-8D99-B88BF0382E67}.Release|ARM.Deploy.0 = Release|ARM
		{F1B15189-3BA6-4C60-8D99-B88BF0382E67}.Release|ARM64.ActiveCfg = Release|ARM64
		{F1B15189-3BA6-4C60-8D99-B88BF0382E67}.Release|ARM64.Build.0 = Release|ARM64
		{F1B15189-3BA6-4C60-8D99-B88BF0382E67}.Release|ARM64.Deploy.0 = Release|ARM64
		{F1B15189-3BA6-4C60-8D99-B88BF0382E67}.Release|x64.ActiveCfg = Release|x64
		{F1B15189-3BA6-4C60-8D99-B88BF0382E67}.Release|x64.Build.0 = Release|x64
		{F1B15189-3BA6-4C60-8D99-B88BF0382E67}.Release|x64.Deploy.0 = Release|x64
		{F1B15189-3BA6-4C60-8D99-B88BF0382E67}.Release|x86.ActiveCfg = Release|Win32
		{F1B15189-3BA6-4C60-8D99-B88BF0382E67}.Release|x86.Build.0 = Release|Win32
		{F1B15189-3BA6-4C60-8D99-B88BF0382E67}.Release|x86.Deploy.0 = Release|Win32
		{7045D088-693B-4823-99C2-7E7654684770}.Debug|ARM.ActiveCfg = Debug|ARM
		{7045D088-693B-4823-99C2-7E7654684770}.Debug|ARM.Build.0 = Debug|ARM
		{7045D088-693B-4823-99C2-7E7654684770}.Debug|ARM.Deploy.0 = Debug|ARM
		{7045D088-693B-4823-99C2-7E7654684770}.Debug|ARM64.ActiveCfg = Debug|ARM64
		{7045D088-693B-4823-99C2-7E7654684770}.Debug|ARM64.Build.0 = Debug|ARM64
		{7045D088-693B-4823-99C2-7E7654684770}.Debug|ARM64.Deploy.0 = Debug|ARM64
		{7045D088-693B-4823-99C2-7E7654684770}.Debug|x64.ActiveCfg = Debug|x64
		{7045D088-693B-4823-99C2-7E7654684770}.Debug|x64.Build.0 = Debug|x64
		{7045D088-693B-4823-99C2-7E7654684770}.Debug|x64.Deploy.0 = Debug|x64
		{7045D088-693B-4823-99C2-7E7654684770}.Debug|x86.ActiveCfg = Debug|Win32
		{7045D088-693B-4823-99C2-7E7654684770}.Debug|x86.Build.0 = Debug|Win32
		{7045D088-693B-4823-99C2-7E7654684770}.Debug|x86.Deploy.0 = Debug|Win32
		{7045D088-693B-4823-99C2-7E7654684770}.Release|ARM.ActiveCfg = Release|ARM
		{7045D088-693B-4823-99C2-7E7654684770}.Release|ARM.Build.0 = Release|ARM
		{7045D088-693B-4823-99C2-7E7654684770}.Release|ARM.Deploy.0 = Release|ARM
		{7045D088-693B-4823-99C2-7E7654684770}.Release|ARM64.ActiveCfg = Release|ARM64
		{7045D088-693B-4823-99C2-7E7654684770}.Release|ARM64.Build.0 = Release|ARM64
		{7045D088-693B-4823-99C2-7E7654684770}.Release|ARM64.Deploy.0 = Release|ARM64
		{7045D088-693B-4823-99C2-7E7654684770}.Release|x64.ActiveCfg = Release|x64
		{7045D088-693B-4823-99C2-7E7654684770}.Release|x64.Build.0 = Release|x64
		{7045D088-693B-4823-99C2-7E7654684770}.Release|x64.Deploy.0 = Release|x64
		{7045D088-693B-4823-99C2-7E7654684770}.Release|x86.ActiveCfg = Release|Win32
		{7045D088-693B-4823-99C2-7E7654684770}.Release|x86.Build.0 = Release|Win32
		{7045D088-693B-4823-99C2-7E7654684770}.Release|x86.Deploy.0 = Release|Win32
		{0880F154-6198-409D-AF80-6481B0665362}.Debug|ARM.ActiveCfg = Debug|Win32
		{0880F154-6198-409D-AF80-6481B0665362}.Debug|ARM64.ActiveCfg = Debug|Win32
		{0880F154-6198-409D-AF80-6481B0665362}.Debug|x64.ActiveCfg = Debug|x64
		{0880F154-6198-409D-AF80-6481B0665362}.Debug|x64.Build.0 = Debug|x64
		{0880F154-6198-409D-AF80-6481B0665362}.Debug|x86.ActiveCfg = Debug|Win32
		{0880F154-6198-409D-AF80-6481B0665362}.Debug|x86.Build.0 = Debug|Win32
		{0880F154-6198-409D-AF80-6481B0665362}.Release|ARM.ActiveCfg = Release|Win32
		{0880F154-6198-409D-AF80-6481B0665362}.Release|ARM64.ActiveCfg = Release|Win32
		{0880F154-6198-409D-AF80-6481B0665362}.Release|x64.ActiveCfg = Release|x64
		{0880F154-6198-409D-AF80-6481B0665362}.Release|x64.Build.0 = Release|x64
		{0880F154-6198-409D-AF80-6481B0665362}.Release|x86.ActiveCfg = Release|Win32
		{0880F154-6198-409D-AF80-6481B0665362}.Release|x86.Build.0 = Release|Win32
	EndGlobalSection
	GlobalSection(SolutionProperties) = preSolution
		HideSolutionNode = FALSE
	EndGlobalSection
	GlobalSection(ExtensibilityGlobals) = postSolution
		SolutionGuid = {4D7D35A3-A725-4A81-8F93-563F51FA269F}
	EndGlobalSection
EndGlobal
